
Microsoft Visual Studio Solution File, Format Version 12.00
# Visual Studio Version 16
VisualStudioVersion = 16.0.31729.503
MinimumVisualStudioVersion = 10.0.40219.1
Project("{FAE04EC0-301F-11D3-BF4B-00C04F79EFBC}") = "FixedAssets", "FixedAssets\FixedAssets.csproj", "{C10DBBC6-5553-4D31-BC45-3E472EA77DEA}"
EndProject
Global
	GlobalSection(SolutionConfigurationPlatforms) = preSolution
		Debug|Any CPU = Debug|Any CPU
		Release|Any CPU = Release|Any CPU
	EndGlobalSection
	GlobalSection(ProjectConfigurationPlatforms) = postSolution
		{C10DBBC6-5553-4D31-BC45-3E472EA77DEA}.Debug|Any CPU.ActiveCfg = Debug|Any CPU
		{C10DBBC6-5553-4D31-BC45-3E472EA77DEA}.Debug|Any CPU.Build.0 = Debug|Any CPU
		{C10DBBC6-5553-4D31-BC45-3E472EA77DEA}.Release|Any CPU.ActiveCfg = Release|Any CPU
		{C10DBBC6-5553-4D31-BC45-3E472EA77DEA}.Release|Any CPU.Build.0 = Release|Any CPU
	EndGlobalSection
	GlobalSection(SolutionProperties) = preSolution
		HideSolutionNode = FALSE
	EndGlobalSection
	GlobalSection(ExtensibilityGlobals) = postSolution
		SolutionGuid = {24458AAB-73BA-43E3-9B67-A571E4046A91}
	EndGlobalSection
EndGlobal
